<Solution>
  <Folder Name="/Tests/">
    <Project Path="Tests/Api.UnitTests/Api.UnitTests.csproj" />
    <Project Path="Tests/App.UnitTests/App.UnitTests.csproj" />
    <Project Path="Tests/Infra.UnitTests/Infra.UnitTests.csproj" />
  </Folder>
  <Project Path="Api/Api.csproj" />
  <Project Path="App/App.csproj" />
  <Project Path="Infra/Infra.csproj" />
</Solution>
